# THIS IS AN AUTOGENERATED FILE. DO NOT EDIT THIS FILE DIRECTLY.
# yarn lockfile v1


jest-expect-message@^1.0.2:
  version "1.0.2"
  resolved "https://registry.yarnpkg.com/jest-expect-message/-/jest-expect-message-1.0.2.tgz#6d67cdf093457a607d231038a3b84aa3a076bcba"
  integrity sha512-WFiXMgwS2lOqQZt1iJMI/hOXpUm32X+ApsuzYcQpW5m16Pv6/Gd9kgC+Q+Q1YVNU04kYcAOv9NXMnjg6kKUy6Q==
